# This file is generated by running "yarn install" inside your project.
# Manual changes might be lost - proceed with caution!

__metadata:
  version: 8
  cacheKey: 10c0

"crypto_wallet@workspace:.":
  version: 0.0.0-use.local
  resolution: "crypto_wallet@workspace:."
  dependencies:
    notify-js-legacy: "npm:^0.4.1"
  languageName: unknown
  linkType: soft

"notify-js-legacy@npm:^0.4.1":
  version: 0.4.1
  resolution: "notify-js-legacy@npm:0.4.1"
  checksum: 10c0/d4f10f1cdde739689935ec43a585fe679ab6d8f64cd07a0f836adf06e29b25426f07c0a2d3e3f683a1a18b4ca08753905d9af54351d25652be5dcc930cff3fea
  languageName: node
  linkType: hard
